// !$*UTF8*$!
{
	archiveVersion = 1;
	classes = {
	};
	objectVersion = 46;
	objects = {

/* Begin PBXBuildFile section */
		D7650DEB1F29F7DF00BE988C /* Foundation.framework in Frameworks */ = {isa = PBXBuildFile; fileRef = D7650DEA1F29F7DA00BE988C /* Foundation.framework */; };
		D7650DED1F29F7EA00BE988C /* UIKit.framework in Frameworks */ = {isa = PBXBuildFile; fileRef = D7650DEC1F29F7E600BE988C /* UIKit.framework */; };
		D7650DEF1F29F7F700BE988C /* WebKit.framework in Frameworks */ = {isa = PBXBuildFile; fileRef = D7650DEE1F29F7F300BE988C /* WebKit.framework */; settings = {ATTRIBUTES = (Weak, ); }; };
		D7E84FB01F29F06700C64263 /* TWebKit.h in Headers */ = {isa = PBXBuildFile; fileRef = D7E84FAE1F29F06700C64263 /* TWebKit.h */; settings = {ATTRIBUTES = (Public, ); }; };
		D7E84FC91F29F08500C64263 /* TWebKit.bundle in Resources */ = {isa = PBXBuildFile; fileRef = D7E84FB71F29F08500C64263 /* TWebKit.bundle */; };
		D7E84FCA1F29F08500C64263 /* TDefineAndCFunc.h in Headers */ = {isa = PBXBuildFile; fileRef = D7E84FB81F29F08500C64263 /* TDefineAndCFunc.h */; };
		D7E84FCB1F29F08500C64263 /* TDefineAndCFunc.m in Sources */ = {isa = PBXBuildFile; fileRef = D7E84FB91F29F08500C64263 /* TDefineAndCFunc.m */; };
		D7E84FCC1F29F08500C64263 /* TUIWebViewDelegate.h in Headers */ = {isa = PBXBuildFile; fileRef = D7E84FBA1F29F08500C64263 /* TUIWebViewDelegate.h */; };
		D7E84FCD1F29F08500C64263 /* TUIWebViewDelegate.m in Sources */ = {isa = PBXBuildFile; fileRef = D7E84FBB1F29F08500C64263 /* TUIWebViewDelegate.m */; };
		D7E84FCE1F29F08500C64263 /* TWebView.h in Headers */ = {isa = PBXBuildFile; fileRef = D7E84FBC1F29F08500C64263 /* TWebView.h */; settings = {ATTRIBUTES = (Public, ); }; };
		D7E84FCF1F29F08500C64263 /* TWebView.m in Sources */ = {isa = PBXBuildFile; fileRef = D7E84FBD1F29F08500C64263 /* TWebView.m */; };
		D7E84FD01F29F08500C64263 /* TWebView_Inner.h in Headers */ = {isa = PBXBuildFile; fileRef = D7E84FBE1F29F08500C64263 /* TWebView_Inner.h */; };
		D7E84FD11F29F08500C64263 /* TWebViewCommonDelegate.h in Headers */ = {isa = PBXBuildFile; fileRef = D7E84FBF1F29F08500C64263 /* TWebViewCommonDelegate.h */; settings = {ATTRIBUTES = (Public, ); }; };
		D7E84FD21F29F08500C64263 /* TWebViewCommonDelegate.m in Sources */ = {isa = PBXBuildFile; fileRef = D7E84FC01F29F08500C64263 /* TWebViewCommonDelegate.m */; };
		D7E84FD31F29F08500C64263 /* TWebViewConfig.h in Headers */ = {isa = PBXBuildFile; fileRef = D7E84FC11F29F08500C64263 /* TWebViewConfig.h */; settings = {ATTRIBUTES = (Public, ); }; };
		D7E84FD41F29F08500C64263 /* TWebViewConfig.m in Sources */ = {isa = PBXBuildFile; fileRef = D7E84FC21F29F08500C64263 /* TWebViewConfig.m */; };
		D7E84FD51F29F08500C64263 /* TWebViewController.h in Headers */ = {isa = PBXBuildFile; fileRef = D7E84FC31F29F08500C64263 /* TWebViewController.h */; settings = {ATTRIBUTES = (Public, ); }; };
		D7E84FD61F29F08500C64263 /* TWebViewController.m in Sources */ = {isa = PBXBuildFile; fileRef = D7E84FC41F29F08500C64263 /* TWebViewController.m */; };
		D7E84FD71F29F08500C64263 /* TWKWebViewDelegate.h in Headers */ = {isa = PBXBuildFile; fileRef = D7E84FC51F29F08500C64263 /* TWKWebViewDelegate.h */; };
		D7E84FD81F29F08500C64263 /* TWKWebViewDelegate.m in Sources */ = {isa = PBXBuildFile; fileRef = D7E84FC61F29F08500C64263 /* TWKWebViewDelegate.m */; };
		D7E84FD91F29F08500C64263 /* UIView+TWVLayout.h in Headers */ = {isa = PBXBuildFile; fileRef = D7E84FC71F29F08500C64263 /* UIView+TWVLayout.h */; };
		D7E84FDA1F29F08500C64263 /* UIView+TWVLayout.m in Sources */ = {isa = PBXBuildFile; fileRef = D7E84FC81F29F08500C64263 /* UIView+TWVLayout.m */; };
		D7E850001F29F32A00C64263 /* AppDelegate.swift in Sources */ = {isa = PBXBuildFile; fileRef = D7E84FFF1F29F32A00C64263 /* AppDelegate.swift */; };
		D7E850021F29F32A00C64263 /* ViewController.swift in Sources */ = {isa = PBXBuildFile; fileRef = D7E850011F29F32A00C64263 /* ViewController.swift */; };
		D7E850071F29F32A00C64263 /* Assets.xcassets in Resources */ = {isa = PBXBuildFile; fileRef = D7E850061F29F32A00C64263 /* Assets.xcassets */; };
		D7E850131F29F48900C64263 /* TWebKit.framework in Frameworks */ = {isa = PBXBuildFile; fileRef = D7E84FAB1F29F06700C64263 /* TWebKit.framework */; };
		D7E850141F29F48900C64263 /* TWebKit.framework in Embed Frameworks */ = {isa = PBXBuildFile; fileRef = D7E84FAB1F29F06700C64263 /* TWebKit.framework */; settings = {ATTRIBUTES = (CodeSignOnCopy, RemoveHeadersOnCopy, ); }; };
		D7E850191F29F51700C64263 /* Launch Screen.storyboard in Resources */ = {isa = PBXBuildFile; fileRef = D7E850181F29F51700C64263 /* Launch Screen.storyboard */; };
/* End PBXBuildFile section */

/* Begin PBXContainerItemProxy section */
		D7E850151F29F48900C64263 /* PBXContainerItemProxy */ = {
			isa = PBXContainerItemProxy;
			containerPortal = D7E84FA21F29F06700C64263 /* Project object */;
			proxyType = 1;
			remoteGlobalIDString = D7E84FAA1F29F06700C64263;
			remoteInfo = TWebKit;
		};
/* End PBXContainerItemProxy section */

/* Begin PBXCopyFilesBuildPhase section */
		D7E850171F29F48900C64263 /* Embed Frameworks */ = {
			isa = PBXCopyFilesBuildPhase;
			buildActionMask = 2147483647;
			dstPath = "";
			dstSubfolderSpec = 10;
			files = (
				D7E850141F29F48900C64263 /* TWebKit.framework in Embed Frameworks */,
			);
			name = "Embed Frameworks";
			runOnlyForDeploymentPostprocessing = 0;
		};
/* End PBXCopyFilesBuildPhase section */

/* Begin PBXFileReference section */
		D7650DEA1F29F7DA00BE988C /* Foundation.framework */ = {isa = PBXFileReference; lastKnownFileType = wrapper.framework; name = Foundation.framework; path = System/Library/Frameworks/Foundation.framework; sourceTree = SDKROOT; };
		D7650DEC1F29F7E600BE988C /* UIKit.framework */ = {isa = PBXFileReference; lastKnownFileType = wrapper.framework; name = UIKit.framework; path = System/Library/Frameworks/UIKit.framework; sourceTree = SDKROOT; };
		D7650DEE1F29F7F300BE988C /* WebKit.framework */ = {isa = PBXFileReference; lastKnownFileType = wrapper.framework; name = WebKit.framework; path = System/Library/Frameworks/WebKit.framework; sourceTree = SDKROOT; };
		D7E84FAB1F29F06700C64263 /* TWebKit.framework */ = {isa = PBXFileReference; explicitFileType = wrapper.framework; includeInIndex = 0; path = TWebKit.framework; sourceTree = BUILT_PRODUCTS_DIR; };
		D7E84FAE1F29F06700C64263 /* TWebKit.h */ = {isa = PBXFileReference; lastKnownFileType = sourcecode.c.h; path = TWebKit.h; sourceTree = "<group>"; };
		D7E84FAF1F29F06700C64263 /* Info.plist */ = {isa = PBXFileReference; lastKnownFileType = text.plist.xml; path = Info.plist; sourceTree = "<group>"; };
		D7E84FB71F29F08500C64263 /* TWebKit.bundle */ = {isa = PBXFileReference; lastKnownFileType = "wrapper.plug-in"; path = TWebKit.bundle; sourceTree = "<group>"; };
		D7E84FB81F29F08500C64263 /* TDefineAndCFunc.h */ = {isa = PBXFileReference; fileEncoding = 4; lastKnownFileType = sourcecode.c.h; path = TDefineAndCFunc.h; sourceTree = "<group>"; };
		D7E84FB91F29F08500C64263 /* TDefineAndCFunc.m */ = {isa = PBXFileReference; fileEncoding = 4; lastKnownFileType = sourcecode.c.objc; path = TDefineAndCFunc.m; sourceTree = "<group>"; };
		D7E84FBA1F29F08500C64263 /* TUIWebViewDelegate.h */ = {isa = PBXFileReference; fileEncoding = 4; lastKnownFileType = sourcecode.c.h; path = TUIWebViewDelegate.h; sourceTree = "<group>"; };
		D7E84FBB1F29F08500C64263 /* TUIWebViewDelegate.m */ = {isa = PBXFileReference; fileEncoding = 4; lastKnownFileType = sourcecode.c.objc; path = TUIWebViewDelegate.m; sourceTree = "<group>"; };
		D7E84FBC1F29F08500C64263 /* TWebView.h */ = {isa = PBXFileReference; fileEncoding = 4; lastKnownFileType = sourcecode.c.h; path = TWebView.h; sourceTree = "<group>"; };
		D7E84FBD1F29F08500C64263 /* TWebView.m */ = {isa = PBXFileReference; fileEncoding = 4; lastKnownFileType = sourcecode.c.objc; path = TWebView.m; sourceTree = "<group>"; };
		D7E84FBE1F29F08500C64263 /* TWebView_Inner.h */ = {isa = PBXFileReference; fileEncoding = 4; lastKnownFileType = sourcecode.c.h; path = TWebView_Inner.h; sourceTree = "<group>"; };
		D7E84FBF1F29F08500C64263 /* TWebViewCommonDelegate.h */ = {isa = PBXFileReference; fileEncoding = 4; lastKnownFileType = sourcecode.c.h; path = TWebViewCommonDelegate.h; sourceTree = "<group>"; };
		D7E84FC01F29F08500C64263 /* TWebViewCommonDelegate.m */ = {isa = PBXFileReference; fileEncoding = 4; lastKnownFileType = sourcecode.c.objc; path = TWebViewCommonDelegate.m; sourceTree = "<group>"; };
		D7E84FC11F29F08500C64263 /* TWebViewConfig.h */ = {isa = PBXFileReference; fileEncoding = 4; lastKnownFileType = sourcecode.c.h; path = TWebViewConfig.h; sourceTree = "<group>"; };
		D7E84FC21F29F08500C64263 /* TWebViewConfig.m */ = {isa = PBXFileReference; fileEncoding = 4; lastKnownFileType = sourcecode.c.objc; path = TWebViewConfig.m; sourceTree = "<group>"; };
		D7E84FC31F29F08500C64263 /* TWebViewController.h */ = {isa = PBXFileReference; fileEncoding = 4; lastKnownFileType = sourcecode.c.h; path = TWebViewController.h; sourceTree = "<group>"; };
		D7E84FC41F29F08500C64263 /* TWebViewController.m */ = {isa = PBXFileReference; fileEncoding = 4; lastKnownFileType = sourcecode.c.objc; path = TWebViewController.m; sourceTree = "<group>"; };
		D7E84FC51F29F08500C64263 /* TWKWebViewDelegate.h */ = {isa = PBXFileReference; fileEncoding = 4; lastKnownFileType = sourcecode.c.h; path = TWKWebViewDelegate.h; sourceTree = "<group>"; };
		D7E84FC61F29F08500C64263 /* TWKWebViewDelegate.m */ = {isa = PBXFileReference; fileEncoding = 4; lastKnownFileType = sourcecode.c.objc; path = TWKWebViewDelegate.m; sourceTree = "<group>"; };
		D7E84FC71F29F08500C64263 /* UIView+TWVLayout.h */ = {isa = PBXFileReference; fileEncoding = 4; lastKnownFileType = sourcecode.c.h; path = "UIView+TWVLayout.h"; sourceTree = "<group>"; };
		D7E84FC81F29F08500C64263 /* UIView+TWVLayout.m */ = {isa = PBXFileReference; fileEncoding = 4; lastKnownFileType = sourcecode.c.objc; path = "UIView+TWVLayout.m"; sourceTree = "<group>"; };
		D7E84FFD1F29F32A00C64263 /* Example.app */ = {isa = PBXFileReference; explicitFileType = wrapper.application; includeInIndex = 0; path = Example.app; sourceTree = BUILT_PRODUCTS_DIR; };
		D7E84FFF1F29F32A00C64263 /* AppDelegate.swift */ = {isa = PBXFileReference; lastKnownFileType = sourcecode.swift; path = AppDelegate.swift; sourceTree = "<group>"; };
		D7E850011F29F32A00C64263 /* ViewController.swift */ = {isa = PBXFileReference; lastKnownFileType = sourcecode.swift; path = ViewController.swift; sourceTree = "<group>"; };
		D7E850061F29F32A00C64263 /* Assets.xcassets */ = {isa = PBXFileReference; lastKnownFileType = folder.assetcatalog; path = Assets.xcassets; sourceTree = "<group>"; };
		D7E8500B1F29F32A00C64263 /* Info.plist */ = {isa = PBXFileReference; lastKnownFileType = text.plist.xml; path = Info.plist; sourceTree = "<group>"; };
		D7E8500F1F29F45E00C64263 /* Example-Bridging-Header.h */ = {isa = PBXFileReference; lastKnownFileType = sourcecode.c.h; path = "Example-Bridging-Header.h"; sourceTree = "<group>"; };
		D7E850181F29F51700C64263 /* Launch Screen.storyboard */ = {isa = PBXFileReference; fileEncoding = 4; lastKnownFileType = file.storyboard; path = "Launch Screen.storyboard"; sourceTree = "<group>"; };
/* End PBXFileReference section */

/* Begin PBXFrameworksBuildPhase section */
		D7E84FA71F29F06700C64263 /* Frameworks */ = {
			isa = PBXFrameworksBuildPhase;
			buildActionMask = 2147483647;
			files = (
				D7650DEF1F29F7F700BE988C /* WebKit.framework in Frameworks */,
				D7650DED1F29F7EA00BE988C /* UIKit.framework in Frameworks */,
				D7650DEB1F29F7DF00BE988C /* Foundation.framework in Frameworks */,
			);
			runOnlyForDeploymentPostprocessing = 0;
		};
		D7E84FFA1F29F32A00C64263 /* Frameworks */ = {
			isa = PBXFrameworksBuildPhase;
			buildActionMask = 2147483647;
			files = (
				D7E850131F29F48900C64263 /* TWebKit.framework in Frameworks */,
			);
			runOnlyForDeploymentPostprocessing = 0;
		};
/* End PBXFrameworksBuildPhase section */

/* Begin PBXGroup section */
		D7650DE21F29F79400BE988C /* Frameworks */ = {
			isa = PBXGroup;
			children = (
				D7650DEE1F29F7F300BE988C /* WebKit.framework */,
				D7650DEC1F29F7E600BE988C /* UIKit.framework */,
				D7650DEA1F29F7DA00BE988C /* Foundation.framework */,
			);
			name = Frameworks;
			sourceTree = "<group>";
		};
		D7E84FA11F29F06700C64263 = {
			isa = PBXGroup;
			children = (
				D7E84FB61F29F08500C64263 /* Source */,
				D7E84FAD1F29F06700C64263 /* TWebKit */,
				D7E84FFE1F29F32A00C64263 /* Example */,
				D7E84FAC1F29F06700C64263 /* Products */,
				D7650DE21F29F79400BE988C /* Frameworks */,
			);
			sourceTree = "<group>";
		};
		D7E84FAC1F29F06700C64263 /* Products */ = {
			isa = PBXGroup;
			children = (
				D7E84FAB1F29F06700C64263 /* TWebKit.framework */,
				D7E84FFD1F29F32A00C64263 /* Example.app */,
			);
			name = Products;
			sourceTree = "<group>";
		};
		D7E84FAD1F29F06700C64263 /* TWebKit */ = {
			isa = PBXGroup;
			children = (
				D7E84FAE1F29F06700C64263 /* TWebKit.h */,
				D7E84FAF1F29F06700C64263 /* Info.plist */,
			);
			path = TWebKit;
			sourceTree = "<group>";
		};
		D7E84FB61F29F08500C64263 /* Source */ = {
			isa = PBXGroup;
			children = (
				D7E84FDD1F29F1C900C64263 /* Dependence */,
				D7E84FDC1F29F16700C64263 /* WebViewDelegate */,
				D7E84FDB1F29F15000C64263 /* WebView */,
				D7E84FB71F29F08500C64263 /* TWebKit.bundle */,
			);
			path = Source;
			sourceTree = "<group>";
		};
		D7E84FDB1F29F15000C64263 /* WebView */ = {
			isa = PBXGroup;
			children = (
				D7E84FC11F29F08500C64263 /* TWebViewConfig.h */,
				D7E84FC21F29F08500C64263 /* TWebViewConfig.m */,
				D7E84FBC1F29F08500C64263 /* TWebView.h */,
				D7E84FBE1F29F08500C64263 /* TWebView_Inner.h */,
				D7E84FBD1F29F08500C64263 /* TWebView.m */,
				D7E84FC31F29F08500C64263 /* TWebViewController.h */,
				D7E84FC41F29F08500C64263 /* TWebViewController.m */,
				D7E84FBF1F29F08500C64263 /* TWebViewCommonDelegate.h */,
				D7E84FC01F29F08500C64263 /* TWebViewCommonDelegate.m */,
			);
			name = WebView;
			sourceTree = "<group>";
		};
		D7E84FDC1F29F16700C64263 /* WebViewDelegate */ = {
			isa = PBXGroup;
			children = (
				D7E84FBA1F29F08500C64263 /* TUIWebViewDelegate.h */,
				D7E84FBB1F29F08500C64263 /* TUIWebViewDelegate.m */,
				D7E84FC51F29F08500C64263 /* TWKWebViewDelegate.h */,
				D7E84FC61F29F08500C64263 /* TWKWebViewDelegate.m */,
			);
			name = WebViewDelegate;
			sourceTree = "<group>";
		};
		D7E84FDD1F29F1C900C64263 /* Dependence */ = {
			isa = PBXGroup;
			children = (
				D7E84FB81F29F08500C64263 /* TDefineAndCFunc.h */,
				D7E84FB91F29F08500C64263 /* TDefineAndCFunc.m */,
				D7E84FC71F29F08500C64263 /* UIView+TWVLayout.h */,
				D7E84FC81F29F08500C64263 /* UIView+TWVLayout.m */,
			);
			name = Dependence;
			sourceTree = "<group>";
		};
		D7E84FFE1F29F32A00C64263 /* Example */ = {
			isa = PBXGroup;
			children = (
				D7E8500F1F29F45E00C64263 /* Example-Bridging-Header.h */,
				D7E84FFF1F29F32A00C64263 /* AppDelegate.swift */,
				D7E850181F29F51700C64263 /* Launch Screen.storyboard */,
				D7E850011F29F32A00C64263 /* ViewController.swift */,
				D7E850061F29F32A00C64263 /* Assets.xcassets */,
				D7E8500B1F29F32A00C64263 /* Info.plist */,
			);
			path = Example;
			sourceTree = "<group>";
		};
/* End PBXGroup section */

/* Begin PBXHeadersBuildPhase section */
		D7E84FA81F29F06700C64263 /* Headers */ = {
			isa = PBXHeadersBuildPhase;
			buildActionMask = 2147483647;
			files = (
				D7E84FB01F29F06700C64263 /* TWebKit.h in Headers */,
				D7E84FCE1F29F08500C64263 /* TWebView.h in Headers */,
				D7E84FD31F29F08500C64263 /* TWebViewConfig.h in Headers */,
				D7E84FD71F29F08500C64263 /* TWKWebViewDelegate.h in Headers */,
				D7E84FD51F29F08500C64263 /* TWebViewController.h in Headers */,
				D7E84FD11F29F08500C64263 /* TWebViewCommonDelegate.h in Headers */,
				D7E84FD01F29F08500C64263 /* TWebView_Inner.h in Headers */,
				D7E84FCA1F29F08500C64263 /* TDefineAndCFunc.h in Headers */,
				D7E84FD91F29F08500C64263 /* UIView+TWVLayout.h in Headers */,
				D7E84FCC1F29F08500C64263 /* TUIWebViewDelegate.h in Headers */,
			);
			runOnlyForDeploymentPostprocessing = 0;
		};
/* End PBXHeadersBuildPhase section */

/* Begin PBXNativeTarget section */
		D7E84FAA1F29F06700C64263 /* TWebKit */ = {
			isa = PBXNativeTarget;
			buildConfigurationList = D7E84FB31F29F06700C64263 /* Build configuration list for PBXNativeTarget "TWebKit" */;
			buildPhases = (
				D7E84FA61F29F06700C64263 /* Sources */,
				D7E84FA71F29F06700C64263 /* Frameworks */,
				D7E84FA81F29F06700C64263 /* Headers */,
				D7E84FA91F29F06700C64263 /* Resources */,
			);
			buildRules = (
			);
			dependencies = (
			);
			name = TWebKit;
			productName = TWebKit;
			productReference = D7E84FAB1F29F06700C64263 /* TWebKit.framework */;
			productType = "com.apple.product-type.framework";
		};
		D7E84FFC1F29F32A00C64263 /* Example */ = {
			isa = PBXNativeTarget;
			buildConfigurationList = D7E8500E1F29F32A00C64263 /* Build configuration list for PBXNativeTarget "Example" */;
			buildPhases = (
				D7E84FF91F29F32A00C64263 /* Sources */,
				D7E84FFA1F29F32A00C64263 /* Frameworks */,
				D7E84FFB1F29F32A00C64263 /* Resources */,
				D7E850171F29F48900C64263 /* Embed Frameworks */,
			);
			buildRules = (
			);
			dependencies = (
				D7E850161F29F48900C64263 /* PBXTargetDependency */,
			);
			name = Example;
			productName = Example;
			productReference = D7E84FFD1F29F32A00C64263 /* Example.app */;
			productType = "com.apple.product-type.application";
		};
/* End PBXNativeTarget section */

/* Begin PBXProject section */
		D7E84FA21F29F06700C64263 /* Project object */ = {
			isa = PBXProject;
			attributes = {
				LastSwiftUpdateCheck = 0830;
				LastUpgradeCheck = 0830;
				ORGANIZATIONNAME = "邵伟男";
				TargetAttributes = {
					D7E84FAA1F29F06700C64263 = {
						CreatedOnToolsVersion = 8.3.3;
						DevelopmentTeam = TS9WTSBK78;
						ProvisioningStyle = Automatic;
					};
					D7E84FFC1F29F32A00C64263 = {
						CreatedOnToolsVersion = 8.3.3;
						DevelopmentTeam = TS9WTSBK78;
						LastSwiftMigration = 0830;
						ProvisioningStyle = Automatic;
					};
				};
			};
			buildConfigurationList = D7E84FA51F29F06700C64263 /* Build configuration list for PBXProject "TWebKit" */;
			compatibilityVersion = "Xcode 3.2";
			developmentRegion = English;
			hasScannedForEncodings = 0;
			knownRegions = (
				en,
				Base,
			);
			mainGroup = D7E84FA11F29F06700C64263;
			productRefGroup = D7E84FAC1F29F06700C64263 /* Products */;
			projectDirPath = "";
			projectRoot = "";
			targets = (
				D7E84FAA1F29F06700C64263 /* TWebKit */,
				D7E84FFC1F29F32A00C64263 /* Example */,
			);
		};
/* End PBXProject section */

/* Begin PBXResourcesBuildPhase section */
		D7E84FA91F29F06700C64263 /* Resources */ = {
			isa = PBXResourcesBuildPhase;
			buildActionMask = 2147483647;
			files = (
				D7E84FC91F29F08500C64263 /* TWebKit.bundle in Resources */,
			);
			runOnlyForDeploymentPostprocessing = 0;
		};
		D7E84FFB1F29F32A00C64263 /* Resources */ = {
			isa = PBXResourcesBuildPhase;
			buildActionMask = 2147483647;
			files = (
				D7E850191F29F51700C64263 /* Launch Screen.storyboard in Resources */,
				D7E850071F29F32A00C64263 /* Assets.xcassets in Resources */,
			);
			runOnlyForDeploymentPostprocessing = 0;
		};
/* End PBXResourcesBuildPhase section */

/* Begin PBXSourcesBuildPhase section */
		D7E84FA61F29F06700C64263 /* Sources */ = {
			isa = PBXSourcesBuildPhase;
			buildActionMask = 2147483647;
			files = (
				D7E84FDA1F29F08500C64263 /* UIView+TWVLayout.m in Sources */,
				D7E84FD61F29F08500C64263 /* TWebViewController.m in Sources */,
				D7E84FD81F29F08500C64263 /* TWKWebViewDelegate.m in Sources */,
				D7E84FD21F29F08500C64263 /* TWebViewCommonDelegate.m in Sources */,
				D7E84FCF1F29F08500C64263 /* TWebView.m in Sources */,
				D7E84FCB1F29F08500C64263 /* TDefineAndCFunc.m in Sources */,
				D7E84FCD1F29F08500C64263 /* TUIWebViewDelegate.m in Sources */,
				D7E84FD41F29F08500C64263 /* TWebViewConfig.m in Sources */,
			);
			runOnlyForDeploymentPostprocessing = 0;
		};
		D7E84FF91F29F32A00C64263 /* Sources */ = {
			isa = PBXSourcesBuildPhase;
			buildActionMask = 2147483647;
			files = (
				D7E850021F29F32A00C64263 /* ViewController.swift in Sources */,
				D7E850001F29F32A00C64263 /* AppDelegate.swift in Sources */,
			);
			runOnlyForDeploymentPostprocessing = 0;
		};
/* End PBXSourcesBuildPhase section */

/* Begin PBXTargetDependency section */
		D7E850161F29F48900C64263 /* PBXTargetDependency */ = {
			isa = PBXTargetDependency;
			target = D7E84FAA1F29F06700C64263 /* TWebKit */;
			targetProxy = D7E850151F29F48900C64263 /* PBXContainerItemProxy */;
		};
/* End PBXTargetDependency section */

/* Begin XCBuildConfiguration section */
		D7E84FB11F29F06700C64263 /* Debug */ = {
			isa = XCBuildConfiguration;
			buildSettings = {
				ALWAYS_SEARCH_USER_PATHS = NO;
				CLANG_ANALYZER_NONNULL = YES;
				CLANG_ANALYZER_NUMBER_OBJECT_CONVERSION = YES_AGGRESSIVE;
				CLANG_CXX_LANGUAGE_STANDARD = "gnu++0x";
				CLANG_CXX_LIBRARY = "libc++";
				CLANG_ENABLE_MODULES = YES;
				CLANG_ENABLE_OBJC_ARC = YES;
				CLANG_WARN_BOOL_CONVERSION = YES;
				CLANG_WARN_CONSTANT_CONVERSION = YES;
				CLANG_WARN_DIRECT_OBJC_ISA_USAGE = YES_ERROR;
				CLANG_WARN_DOCUMENTATION_COMMENTS = YES;
				CLANG_WARN_EMPTY_BODY = YES;
				CLANG_WARN_ENUM_CONVERSION = YES;
				CLANG_WARN_INFINITE_RECURSION = YES;
				CLANG_WARN_INT_CONVERSION = YES;
				CLANG_WARN_OBJC_ROOT_CLASS = YES_ERROR;
				CLANG_WARN_SUSPICIOUS_MOVE = YES;
				CLANG_WARN_UNREACHABLE_CODE = YES;
				CLANG_WARN__DUPLICATE_METHOD_MATCH = YES;
				"CODE_SIGN_IDENTITY[sdk=iphoneos*]" = "iPhone Developer";
				COPY_PHASE_STRIP = NO;
				CURRENT_PROJECT_VERSION = 1;
				DEBUG_INFORMATION_FORMAT = dwarf;
				ENABLE_STRICT_OBJC_MSGSEND = YES;
				ENABLE_TESTABILITY = YES;
				GCC_C_LANGUAGE_STANDARD = gnu99;
				GCC_DYNAMIC_NO_PIC = NO;
				GCC_NO_COMMON_BLOCKS = YES;
				GCC_OPTIMIZATION_LEVEL = 0;
				GCC_PREPROCESSOR_DEFINITIONS = (
					"DEBUG=1",
					"$(inherited)",
				);
				GCC_WARN_64_TO_32_BIT_CONVERSION = YES;
				GCC_WARN_ABOUT_RETURN_TYPE = YES_ERROR;
				GCC_WARN_UNDECLARED_SELECTOR = YES;
				GCC_WARN_UNINITIALIZED_AUTOS = YES_AGGRESSIVE;
				GCC_WARN_UNUSED_FUNCTION = YES;
				GCC_WARN_UNUSED_VARIABLE = YES;
				IPHONEOS_DEPLOYMENT_TARGET = 10.3;
				MTL_ENABLE_DEBUG_INFO = YES;
				ONLY_ACTIVE_ARCH = YES;
				SDKROOT = iphoneos;
				TARGETED_DEVICE_FAMILY = "1,2";
				VERSIONING_SYSTEM = "apple-generic";
				VERSION_INFO_PREFIX = "";
			};
			name = Debug;
		};
		D7E84FB21F29F06700C64263 /* Release */ = {
			isa = XCBuildConfiguration;
			buildSettings = {
				ALWAYS_SEARCH_USER_PATHS = NO;
				CLANG_ANALYZER_NONNULL = YES;
				CLANG_ANALYZER_NUMBER_OBJECT_CONVERSION = YES_AGGRESSIVE;
				CLANG_CXX_LANGUAGE_STANDARD = "gnu++0x";
				CLANG_CXX_LIBRARY = "libc++";
				CLANG_ENABLE_MODULES = YES;
				CLANG_ENABLE_OBJC_ARC = YES;
				CLANG_WARN_BOOL_CONVERSION = YES;
				CLANG_WARN_CONSTANT_CONVERSION = YES;
				CLANG_WARN_DIRECT_OBJC_ISA_USAGE = YES_ERROR;
				CLANG_WARN_DOCUMENTATION_COMMENTS = YES;
				CLANG_WARN_EMPTY_BODY = YES;
				CLANG_WARN_ENUM_CONVERSION = YES;
				CLANG_WARN_INFINITE_RECURSION = YES;
				CLANG_WARN_INT_CONVERSION = YES;
				CLANG_WARN_OBJC_ROOT_CLASS = YES_ERROR;
				CLANG_WARN_SUSPICIOUS_MOVE = YES;
				CLANG_WARN_UNREACHABLE_CODE = YES;
				CLANG_WARN__DUPLICATE_METHOD_MATCH = YES;
				"CODE_SIGN_IDENTITY[sdk=iphoneos*]" = "iPhone Developer";
				COPY_PHASE_STRIP = NO;
				CURRENT_PROJECT_VERSION = 1;
				DEBUG_INFORMATION_FORMAT = "dwarf-with-dsym";
				ENABLE_NS_ASSERTIONS = NO;
				ENABLE_STRICT_OBJC_MSGSEND = YES;
				GCC_C_LANGUAGE_STANDARD = gnu99;
				GCC_NO_COMMON_BLOCKS = YES;
				GCC_WARN_64_TO_32_BIT_CONVERSION = YES;
				GCC_WARN_ABOUT_RETURN_TYPE = YES_ERROR;
				GCC_WARN_UNDECLARED_SELECTOR = YES;
				GCC_WARN_UNINITIALIZED_AUTOS = YES_AGGRESSIVE;
				GCC_WARN_UNUSED_FUNCTION = YES;
				GCC_WARN_UNUSED_VARIABLE = YES;
				IPHONEOS_DEPLOYMENT_TARGET = 10.3;
				MTL_ENABLE_DEBUG_INFO = NO;
				SDKROOT = iphoneos;
				TARGETED_DEVICE_FAMILY = "1,2";
				VALIDATE_PRODUCT = YES;
				VERSIONING_SYSTEM = "apple-generic";
				VERSION_INFO_PREFIX = "";
			};
			name = Release;
		};
		D7E84FB41F29F06700C64263 /* Debug */ = {
			isa = XCBuildConfiguration;
			buildSettings = {
				CODE_SIGN_IDENTITY = "";
				DEFINES_MODULE = YES;
				DEVELOPMENT_TEAM = TS9WTSBK78;
				DYLIB_COMPATIBILITY_VERSION = 1;
				DYLIB_CURRENT_VERSION = 1;
				DYLIB_INSTALL_NAME_BASE = "@rpath";
				INFOPLIST_FILE = TWebKit/Info.plist;
				INSTALL_PATH = "$(LOCAL_LIBRARY_DIR)/Frameworks";
				LD_RUNPATH_SEARCH_PATHS = "$(inherited) @executable_path/Frameworks @loader_path/Frameworks";
				PRODUCT_BUNDLE_IDENTIFIER = tech.tbd.TWebKit;
				PRODUCT_NAME = "$(TARGET_NAME)";
				SKIP_INSTALL = YES;
			};
			name = Debug;
		};
		D7E84FB51F29F06700C64263 /* Release */ = {
			isa = XCBuildConfiguration;
			buildSettings = {
				CODE_SIGN_IDENTITY = "";
				DEFINES_MODULE = YES;
				DEVELOPMENT_TEAM = TS9WTSBK78;
				DYLIB_COMPATIBILITY_VERSION = 1;
				DYLIB_CURRENT_VERSION = 1;
				DYLIB_INSTALL_NAME_BASE = "@rpath";
				INFOPLIST_FILE = TWebKit/Info.plist;
				INSTALL_PATH = "$(LOCAL_LIBRARY_DIR)/Frameworks";
				LD_RUNPATH_SEARCH_PATHS = "$(inherited) @executable_path/Frameworks @loader_path/Frameworks";
				PRODUCT_BUNDLE_IDENTIFIER = tech.tbd.TWebKit;
				PRODUCT_NAME = "$(TARGET_NAME)";
				SKIP_INSTALL = YES;
			};
			name = Release;
		};
		D7E8500C1F29F32A00C64263 /* Debug */ = {
			isa = XCBuildConfiguration;
			buildSettings = {
				ASSETCATALOG_COMPILER_APPICON_NAME = AppIcon;
				CLANG_ENABLE_MODULES = YES;
				DEVELOPMENT_TEAM = TS9WTSBK78;
				INFOPLIST_FILE = Example/Info.plist;
				LD_RUNPATH_SEARCH_PATHS = "$(inherited) @executable_path/Frameworks";
				PRODUCT_BUNDLE_IDENTIFIER = tech.tbd.twk.Example;
				PRODUCT_NAME = "$(TARGET_NAME)";
				SWIFT_ACTIVE_COMPILATION_CONDITIONS = DEBUG;
				SWIFT_OBJC_BRIDGING_HEADER = "Example/Example-Bridging-Header.h";
				SWIFT_OPTIMIZATION_LEVEL = "-Onone";
				SWIFT_VERSION = 3.0;
			};
			name = Debug;
		};
		D7E8500D1F29F32A00C64263 /* Release */ = {
			isa = XCBuildConfiguration;
			buildSettings = {
				ASSETCATALOG_COMPILER_APPICON_NAME = AppIcon;
				CLANG_ENABLE_MODULES = YES;
				DEVELOPMENT_TEAM = TS9WTSBK78;
				INFOPLIST_FILE = Example/Info.plist;
				LD_RUNPATH_SEARCH_PATHS = "$(inherited) @executable_path/Frameworks";
				PRODUCT_BUNDLE_IDENTIFIER = tech.tbd.twk.Example;
				PRODUCT_NAME = "$(TARGET_NAME)";
				SWIFT_OBJC_BRIDGING_HEADER = "Example/Example-Bridging-Header.h";
				SWIFT_OPTIMIZATION_LEVEL = "-Owholemodule";
				SWIFT_VERSION = 3.0;
			};
			name = Release;
		};
/* End XCBuildConfiguration section */

/* Begin XCConfigurationList section */
		D7E84FA51F29F06700C64263 /* Build configuration list for PBXProject "TWebKit" */ = {
			isa = XCConfigurationList;
			buildConfigurations = (
				D7E84FB11F29F06700C64263 /* Debug */,
				D7E84FB21F29F06700C64263 /* Release */,
			);
			defaultConfigurationIsVisible = 0;
			defaultConfigurationName = Release;
		};
		D7E84FB31F29F06700C64263 /* Build configuration list for PBXNativeTarget "TWebKit" */ = {
			isa = XCConfigurationList;
			buildConfigurations = (
				D7E84FB41F29F06700C64263 /* Debug */,
				D7E84FB51F29F06700C64263 /* Release */,
			);
			defaultConfigurationIsVisible = 0;
			defaultConfigurationName = Release;
		};
		D7E8500E1F29F32A00C64263 /* Build configuration list for PBXNativeTarget "Example" */ = {
			isa = XCConfigurationList;
			buildConfigurations = (
				D7E8500C1F29F32A00C64263 /* Debug */,
				D7E8500D1F29F32A00C64263 /* Release */,
			);
			defaultConfigurationIsVisible = 0;
			defaultConfigurationName = Release;
		};
/* End XCConfigurationList section */
	};
	rootObject = D7E84FA21F29F06700C64263 /* Project object */;
}
