// !$*UTF8*$!
{
	archiveVersion = 1;
	classes = {
	};
	objectVersion = 48;
	objects = {

/* Begin PBXBuildFile section */
		D709E0361F282F0000F81DC8 /* UIView+TWVLayout.m in Sources */ = {isa = PBXBuildFile; fileRef = D709E0351F282F0000F81DC8 /* UIView+TWVLayout.m */; };
		D709E0391F283CA700F81DC8 /* WebKit.framework in Frameworks */ = {isa = PBXBuildFile; fileRef = D709E0381F283C8E00F81DC8 /* WebKit.framework */; };
		D79400651F236CF600740CE3 /* AppDelegate.swift in Sources */ = {isa = PBXBuildFile; fileRef = D79400641F236CF600740CE3 /* AppDelegate.swift */; };
		D79400671F236CF600740CE3 /* ViewController.swift in Sources */ = {isa = PBXBuildFile; fileRef = D79400661F236CF600740CE3 /* ViewController.swift */; };
		D794006C1F236CF600740CE3 /* Assets.xcassets in Resources */ = {isa = PBXBuildFile; fileRef = D794006B1F236CF600740CE3 /* Assets.xcassets */; };
		D794006F1F236CF600740CE3 /* LaunchScreen.storyboard in Resources */ = {isa = PBXBuildFile; fileRef = D794006D1F236CF600740CE3 /* LaunchScreen.storyboard */; };
		D794007B1F236D7100740CE3 /* TWebView.m in Sources */ = {isa = PBXBuildFile; fileRef = D794007A1F236D7100740CE3 /* TWebView.m */; };
		D79400811F23803C00740CE3 /* TDefineAndCFunc.m in Sources */ = {isa = PBXBuildFile; fileRef = D79400801F23803C00740CE3 /* TDefineAndCFunc.m */; };
		D7B3E8EE1F24807900C9C576 /* TWebViewConfig.m in Sources */ = {isa = PBXBuildFile; fileRef = D7B3E8ED1F24807900C9C576 /* TWebViewConfig.m */; };
/* End PBXBuildFile section */

/* Begin PBXFileReference section */
		D709E0341F282F0000F81DC8 /* UIView+TWVLayout.h */ = {isa = PBXFileReference; lastKnownFileType = sourcecode.c.h; path = "UIView+TWVLayout.h"; sourceTree = "<group>"; };
		D709E0351F282F0000F81DC8 /* UIView+TWVLayout.m */ = {isa = PBXFileReference; lastKnownFileType = sourcecode.c.objc; path = "UIView+TWVLayout.m"; sourceTree = "<group>"; };
		D709E0381F283C8E00F81DC8 /* WebKit.framework */ = {isa = PBXFileReference; lastKnownFileType = wrapper.framework; name = WebKit.framework; path = System/Library/Frameworks/WebKit.framework; sourceTree = SDKROOT; };
		D79400611F236CF600740CE3 /* TWebView.app */ = {isa = PBXFileReference; explicitFileType = wrapper.application; includeInIndex = 0; path = TWebView.app; sourceTree = BUILT_PRODUCTS_DIR; };
		D79400641F236CF600740CE3 /* AppDelegate.swift */ = {isa = PBXFileReference; lastKnownFileType = sourcecode.swift; path = AppDelegate.swift; sourceTree = "<group>"; };
		D79400661F236CF600740CE3 /* ViewController.swift */ = {isa = PBXFileReference; lastKnownFileType = sourcecode.swift; path = ViewController.swift; sourceTree = "<group>"; };
		D794006B1F236CF600740CE3 /* Assets.xcassets */ = {isa = PBXFileReference; lastKnownFileType = folder.assetcatalog; path = Assets.xcassets; sourceTree = "<group>"; };
		D794006E1F236CF600740CE3 /* Base */ = {isa = PBXFileReference; lastKnownFileType = file.storyboard; name = Base; path = Base.lproj/LaunchScreen.storyboard; sourceTree = "<group>"; };
		D79400701F236CF600740CE3 /* Info.plist */ = {isa = PBXFileReference; lastKnownFileType = text.plist.xml; path = Info.plist; sourceTree = "<group>"; };
		D79400781F236D7000740CE3 /* TWebView-Bridging-Header.h */ = {isa = PBXFileReference; lastKnownFileType = sourcecode.c.h; path = "TWebView-Bridging-Header.h"; sourceTree = "<group>"; };
		D79400791F236D7100740CE3 /* TWebView.h */ = {isa = PBXFileReference; lastKnownFileType = sourcecode.c.h; path = TWebView.h; sourceTree = "<group>"; };
		D794007A1F236D7100740CE3 /* TWebView.m */ = {isa = PBXFileReference; lastKnownFileType = sourcecode.c.objc; path = TWebView.m; sourceTree = "<group>"; };
		D794007D1F23751B00740CE3 /* TDefineAndCFunc.h */ = {isa = PBXFileReference; lastKnownFileType = sourcecode.c.h; path = TDefineAndCFunc.h; sourceTree = "<group>"; };
		D79400801F23803C00740CE3 /* TDefineAndCFunc.m */ = {isa = PBXFileReference; lastKnownFileType = sourcecode.c.objc; path = TDefineAndCFunc.m; sourceTree = "<group>"; };
		D7B3E8EC1F24807900C9C576 /* TWebViewConfig.h */ = {isa = PBXFileReference; lastKnownFileType = sourcecode.c.h; path = TWebViewConfig.h; sourceTree = "<group>"; };
		D7B3E8ED1F24807900C9C576 /* TWebViewConfig.m */ = {isa = PBXFileReference; lastKnownFileType = sourcecode.c.objc; path = TWebViewConfig.m; sourceTree = "<group>"; };
/* End PBXFileReference section */

/* Begin PBXFrameworksBuildPhase section */
		D794005E1F236CF600740CE3 /* Frameworks */ = {
			isa = PBXFrameworksBuildPhase;
			buildActionMask = 2147483647;
			files = (
				D709E0391F283CA700F81DC8 /* WebKit.framework in Frameworks */,
			);
			runOnlyForDeploymentPostprocessing = 0;
		};
/* End PBXFrameworksBuildPhase section */

/* Begin PBXGroup section */
		D709E0371F283C8D00F81DC8 /* Frameworks */ = {
			isa = PBXGroup;
			children = (
				D709E0381F283C8E00F81DC8 /* WebKit.framework */,
			);
			name = Frameworks;
			sourceTree = "<group>";
		};
		D79400581F236CF600740CE3 = {
			isa = PBXGroup;
			children = (
				D79400631F236CF600740CE3 /* TWebView */,
				D79400621F236CF600740CE3 /* Products */,
				D709E0371F283C8D00F81DC8 /* Frameworks */,
			);
			sourceTree = "<group>";
		};
		D79400621F236CF600740CE3 /* Products */ = {
			isa = PBXGroup;
			children = (
				D79400611F236CF600740CE3 /* TWebView.app */,
			);
			name = Products;
			sourceTree = "<group>";
		};
		D79400631F236CF600740CE3 /* TWebView */ = {
			isa = PBXGroup;
			children = (
				D79400781F236D7000740CE3 /* TWebView-Bridging-Header.h */,
				D794007C1F236D7600740CE3 /* Source */,
				D79400641F236CF600740CE3 /* AppDelegate.swift */,
				D79400661F236CF600740CE3 /* ViewController.swift */,
				D794006B1F236CF600740CE3 /* Assets.xcassets */,
				D794006D1F236CF600740CE3 /* LaunchScreen.storyboard */,
				D79400701F236CF600740CE3 /* Info.plist */,
			);
			path = TWebView;
			sourceTree = "<group>";
		};
		D794007C1F236D7600740CE3 /* Source */ = {
			isa = PBXGroup;
			children = (
				D794007D1F23751B00740CE3 /* TDefineAndCFunc.h */,
				D709E0341F282F0000F81DC8 /* UIView+TWVLayout.h */,
				D709E0351F282F0000F81DC8 /* UIView+TWVLayout.m */,
				D79400801F23803C00740CE3 /* TDefineAndCFunc.m */,
				D7B3E8EC1F24807900C9C576 /* TWebViewConfig.h */,
				D7B3E8ED1F24807900C9C576 /* TWebViewConfig.m */,
				D79400791F236D7100740CE3 /* TWebView.h */,
				D794007A1F236D7100740CE3 /* TWebView.m */,
			);
			path = Source;
			sourceTree = "<group>";
		};
/* End PBXGroup section */

/* Begin PBXNativeTarget section */
		D79400601F236CF600740CE3 /* TWebView */ = {
			isa = PBXNativeTarget;
			buildConfigurationList = D79400731F236CF600740CE3 /* Build configuration list for PBXNativeTarget "TWebView" */;
			buildPhases = (
				D794005D1F236CF600740CE3 /* Sources */,
				D794005E1F236CF600740CE3 /* Frameworks */,
				D794005F1F236CF600740CE3 /* Resources */,
			);
			buildRules = (
			);
			dependencies = (
			);
			name = TWebView;
			productName = TWebView;
			productReference = D79400611F236CF600740CE3 /* TWebView.app */;
			productType = "com.apple.product-type.application";
		};
/* End PBXNativeTarget section */

/* Begin PBXProject section */
		D79400591F236CF600740CE3 /* Project object */ = {
			isa = PBXProject;
			attributes = {
				LastSwiftUpdateCheck = 0900;
				LastUpgradeCheck = 0900;
				ORGANIZATIONNAME = "邵伟男";
				TargetAttributes = {
					D79400601F236CF600740CE3 = {
						CreatedOnToolsVersion = 9.0;
						LastSwiftMigration = 0900;
					};
				};
			};
			buildConfigurationList = D794005C1F236CF600740CE3 /* Build configuration list for PBXProject "TWebView" */;
			compatibilityVersion = "Xcode 8.0";
			developmentRegion = en;
			hasScannedForEncodings = 0;
			knownRegions = (
				en,
				Base,
			);
			mainGroup = D79400581F236CF600740CE3;
			productRefGroup = D79400621F236CF600740CE3 /* Products */;
			projectDirPath = "";
			projectRoot = "";
			targets = (
				D79400601F236CF600740CE3 /* TWebView */,
			);
		};
/* End PBXProject section */

/* Begin PBXResourcesBuildPhase section */
		D794005F1F236CF600740CE3 /* Resources */ = {
			isa = PBXResourcesBuildPhase;
			buildActionMask = 2147483647;
			files = (
				D794006F1F236CF600740CE3 /* LaunchScreen.storyboard in Resources */,
				D794006C1F236CF600740CE3 /* Assets.xcassets in Resources */,
			);
			runOnlyForDeploymentPostprocessing = 0;
		};
/* End PBXResourcesBuildPhase section */

/* Begin PBXSourcesBuildPhase section */
		D794005D1F236CF600740CE3 /* Sources */ = {
			isa = PBXSourcesBuildPhase;
			buildActionMask = 2147483647;
			files = (
				D794007B1F236D7100740CE3 /* TWebView.m in Sources */,
				D79400811F23803C00740CE3 /* TDefineAndCFunc.m in Sources */,
				D79400671F236CF600740CE3 /* ViewController.swift in Sources */,
				D709E0361F282F0000F81DC8 /* UIView+TWVLayout.m in Sources */,
				D79400651F236CF600740CE3 /* AppDelegate.swift in Sources */,
				D7B3E8EE1F24807900C9C576 /* TWebViewConfig.m in Sources */,
			);
			runOnlyForDeploymentPostprocessing = 0;
		};
/* End PBXSourcesBuildPhase section */

/* Begin PBXVariantGroup section */
		D794006D1F236CF600740CE3 /* LaunchScreen.storyboard */ = {
			isa = PBXVariantGroup;
			children = (
				D794006E1F236CF600740CE3 /* Base */,
			);
			name = LaunchScreen.storyboard;
			sourceTree = "<group>";
		};
/* End PBXVariantGroup section */

/* Begin XCBuildConfiguration section */
		D79400711F236CF600740CE3 /* Debug */ = {
			isa = XCBuildConfiguration;
			buildSettings = {
				ALWAYS_SEARCH_USER_PATHS = NO;
				CLANG_ANALYZER_NONNULL = YES;
				CLANG_ANALYZER_NUMBER_OBJECT_CONVERSION = YES_AGGRESSIVE;
				CLANG_CXX_LANGUAGE_STANDARD = "gnu++14";
				CLANG_CXX_LIBRARY = "libc++";
				CLANG_ENABLE_MODULES = YES;
				CLANG_ENABLE_OBJC_ARC = YES;
				CLANG_WARN_BLOCK_CAPTURE_AUTORELEASING = YES;
				CLANG_WARN_BOOL_CONVERSION = YES;
				CLANG_WARN_COMMA = YES;
				CLANG_WARN_CONSTANT_CONVERSION = YES;
				CLANG_WARN_DIRECT_OBJC_ISA_USAGE = YES_ERROR;
				CLANG_WARN_DOCUMENTATION_COMMENTS = YES;
				CLANG_WARN_EMPTY_BODY = YES;
				CLANG_WARN_ENUM_CONVERSION = YES;
				CLANG_WARN_INFINITE_RECURSION = YES;
				CLANG_WARN_INT_CONVERSION = YES;
				CLANG_WARN_NON_LITERAL_NULL_CONVERSION = YES;
				CLANG_WARN_OBJC_LITERAL_CONVERSION = YES;
				CLANG_WARN_OBJC_ROOT_CLASS = YES_ERROR;
				CLANG_WARN_RANGE_LOOP_ANALYSIS = YES;
				CLANG_WARN_STRICT_PROTOTYPES = YES;
				CLANG_WARN_SUSPICIOUS_MOVE = YES;
				CLANG_WARN_UNGUARDED_AVAILABILITY = YES_AGGRESSIVE;
				CLANG_WARN_UNREACHABLE_CODE = YES;
				CLANG_WARN__DUPLICATE_METHOD_MATCH = YES;
				CODE_SIGN_IDENTITY = "iPhone Developer";
				COPY_PHASE_STRIP = NO;
				DEBUG_INFORMATION_FORMAT = dwarf;
				ENABLE_STRICT_OBJC_MSGSEND = YES;
				ENABLE_TESTABILITY = YES;
				GCC_C_LANGUAGE_STANDARD = gnu11;
				GCC_DYNAMIC_NO_PIC = NO;
				GCC_NO_COMMON_BLOCKS = YES;
				GCC_OPTIMIZATION_LEVEL = 0;
				GCC_PREPROCESSOR_DEFINITIONS = (
					"DEBUG=1",
					"$(inherited)",
				);
				GCC_WARN_64_TO_32_BIT_CONVERSION = YES;
				GCC_WARN_ABOUT_RETURN_TYPE = YES_ERROR;
				GCC_WARN_UNDECLARED_SELECTOR = YES;
				GCC_WARN_UNINITIALIZED_AUTOS = YES_AGGRESSIVE;
				GCC_WARN_UNUSED_FUNCTION = YES;
				GCC_WARN_UNUSED_VARIABLE = YES;
				IPHONEOS_DEPLOYMENT_TARGET = 11.0;
				MTL_ENABLE_DEBUG_INFO = YES;
				ONLY_ACTIVE_ARCH = YES;
				SDKROOT = iphoneos;
				SWIFT_ACTIVE_COMPILATION_CONDITIONS = DEBUG;
				SWIFT_OPTIMIZATION_LEVEL = "-Onone";
			};
			name = Debug;
		};
		D79400721F236CF600740CE3 /* Release */ = {
			isa = XCBuildConfiguration;
			buildSettings = {
				ALWAYS_SEARCH_USER_PATHS = NO;
				CLANG_ANALYZER_NONNULL = YES;
				CLANG_ANALYZER_NUMBER_OBJECT_CONVERSION = YES_AGGRESSIVE;
				CLANG_CXX_LANGUAGE_STANDARD = "gnu++14";
				CLANG_CXX_LIBRARY = "libc++";
				CLANG_ENABLE_MODULES = YES;
				CLANG_ENABLE_OBJC_ARC = YES;
				CLANG_WARN_BLOCK_CAPTURE_AUTORELEASING = YES;
				CLANG_WARN_BOOL_CONVERSION = YES;
				CLANG_WARN_COMMA = YES;
				CLANG_WARN_CONSTANT_CONVERSION = YES;
				CLANG_WARN_DIRECT_OBJC_ISA_USAGE = YES_ERROR;
				CLANG_WARN_DOCUMENTATION_COMMENTS = YES;
				CLANG_WARN_EMPTY_BODY = YES;
				CLANG_WARN_ENUM_CONVERSION = YES;
				CLANG_WARN_INFINITE_RECURSION = YES;
				CLANG_WARN_INT_CONVERSION = YES;
				CLANG_WARN_NON_LITERAL_NULL_CONVERSION = YES;
				CLANG_WARN_OBJC_LITERAL_CONVERSION = YES;
				CLANG_WARN_OBJC_ROOT_CLASS = YES_ERROR;
				CLANG_WARN_RANGE_LOOP_ANALYSIS = YES;
				CLANG_WARN_STRICT_PROTOTYPES = YES;
				CLANG_WARN_SUSPICIOUS_MOVE = YES;
				CLANG_WARN_UNGUARDED_AVAILABILITY = YES_AGGRESSIVE;
				CLANG_WARN_UNREACHABLE_CODE = YES;
				CLANG_WARN__DUPLICATE_METHOD_MATCH = YES;
				CODE_SIGN_IDENTITY = "iPhone Developer";
				COPY_PHASE_STRIP = NO;
				DEBUG_INFORMATION_FORMAT = "dwarf-with-dsym";
				ENABLE_NS_ASSERTIONS = NO;
				ENABLE_STRICT_OBJC_MSGSEND = YES;
				GCC_C_LANGUAGE_STANDARD = gnu11;
				GCC_NO_COMMON_BLOCKS = YES;
				GCC_WARN_64_TO_32_BIT_CONVERSION = YES;
				GCC_WARN_ABOUT_RETURN_TYPE = YES_ERROR;
				GCC_WARN_UNDECLARED_SELECTOR = YES;
				GCC_WARN_UNINITIALIZED_AUTOS = YES_AGGRESSIVE;
				GCC_WARN_UNUSED_FUNCTION = YES;
				GCC_WARN_UNUSED_VARIABLE = YES;
				IPHONEOS_DEPLOYMENT_TARGET = 11.0;
				MTL_ENABLE_DEBUG_INFO = NO;
				SDKROOT = iphoneos;
				SWIFT_OPTIMIZATION_LEVEL = "-Owholemodule";
				VALIDATE_PRODUCT = YES;
			};
			name = Release;
		};
		D79400741F236CF600740CE3 /* Debug */ = {
			isa = XCBuildConfiguration;
			buildSettings = {
				ASSETCATALOG_COMPILER_APPICON_NAME = AppIcon;
				CLANG_ENABLE_MODULES = YES;
				DEVELOPMENT_TEAM = TS9WTSBK78;
				INFOPLIST_FILE = TWebView/Info.plist;
				IPHONEOS_DEPLOYMENT_TARGET = 8.0;
				LD_RUNPATH_SEARCH_PATHS = "$(inherited) @executable_path/Frameworks";
				PRODUCT_BUNDLE_IDENTIFIER = tech.tbd.TWebView;
				PRODUCT_NAME = "$(TARGET_NAME)";
				SWIFT_OBJC_BRIDGING_HEADER = "TWebView/TWebView-Bridging-Header.h";
				SWIFT_OPTIMIZATION_LEVEL = "-Onone";
				SWIFT_VERSION = 3.0;
				TARGETED_DEVICE_FAMILY = "1,2";
			};
			name = Debug;
		};
		D79400751F236CF600740CE3 /* Release */ = {
			isa = XCBuildConfiguration;
			buildSettings = {
				ASSETCATALOG_COMPILER_APPICON_NAME = AppIcon;
				CLANG_ENABLE_MODULES = YES;
				DEVELOPMENT_TEAM = TS9WTSBK78;
				INFOPLIST_FILE = TWebView/Info.plist;
				IPHONEOS_DEPLOYMENT_TARGET = 8.0;
				LD_RUNPATH_SEARCH_PATHS = "$(inherited) @executable_path/Frameworks";
				PRODUCT_BUNDLE_IDENTIFIER = tech.tbd.TWebView;
				PRODUCT_NAME = "$(TARGET_NAME)";
				SWIFT_OBJC_BRIDGING_HEADER = "TWebView/TWebView-Bridging-Header.h";
				SWIFT_VERSION = 3.0;
				TARGETED_DEVICE_FAMILY = "1,2";
			};
			name = Release;
		};
/* End XCBuildConfiguration section */

/* Begin XCConfigurationList section */
		D794005C1F236CF600740CE3 /* Build configuration list for PBXProject "TWebView" */ = {
			isa = XCConfigurationList;
			buildConfigurations = (
				D79400711F236CF600740CE3 /* Debug */,
				D79400721F236CF600740CE3 /* Release */,
			);
			defaultConfigurationIsVisible = 0;
			defaultConfigurationName = Release;
		};
		D79400731F236CF600740CE3 /* Build configuration list for PBXNativeTarget "TWebView" */ = {
			isa = XCConfigurationList;
			buildConfigurations = (
				D79400741F236CF600740CE3 /* Debug */,
				D79400751F236CF600740CE3 /* Release */,
			);
			defaultConfigurationIsVisible = 0;
			defaultConfigurationName = Release;
		};
/* End XCConfigurationList section */
	};
	rootObject = D79400591F236CF600740CE3 /* Project object */;
}
